{
  "object": {
    "pins": [
      {
        "package": "FirebladeECS",
        "repositoryURL": "https://github.com/fireblade-engine/ecs.git",
        "state": {
          "branch": null,
          "revision": "fd57037a6df5aa7fb8070d6af105650fb84c340c",
          "version": "0.17.5"
        }
      },
      {
        "package": "FirebladeMath",
        "repositoryURL": "https://github.com/fireblade-engine/math.git",
        "state": {
          "branch": "master",
          "revision": "65aa6b5045d8dd59bc8512b87ab4ec25a18dd82d",
          "version": null
        }
      },
      {
        "package": "SDL",
        "repositoryURL": "git@github.com:ARPGLTD/SDL.git",
        "state": {
          "branch": "SwiftPackage",
          "revision": "bc250fbb34d435819724dff59c26ffc799a3b7d4",
          "version": null
        }
      },
      {
        "package": "SDL_image",
        "repositoryURL": "git@github.com:ARPGLTD/SDL_image.git",
        "state": {
          "branch": "SwiftPackage",
          "revision": "5ea50b9ab73babe436103424653adbcadeda3a27",
          "version": null
        }
      }
    ]
  },
  "version": 1
}
