{
  "object": {
    "pins": [
      {
        "package": "FirebladeECS",
        "repositoryURL": "https://github.com/fireblade-engine/ecs.git",
        "state": {
          "branch": null,
          "revision": "fd57037a6df5aa7fb8070d6af105650fb84c340c",
          "version": "0.17.5"
        }
      },
      {
        "package": "FirebladeMath",
        "repositoryURL": "git@github.com:pcbeard/math.git",
        "state": {
          "branch": "Windows",
          "revision": "67a4ed953cc20bca3d7f5dca7f08dfc03fa71fa2",
          "version": null
        }
      },
      {
        "package": "SDL2",
        "repositoryURL": "git@github.com:pcbeard/SwiftSDL2.git",
        "state": {
          "branch": "SDL_image",
          "revision": "2c6985eea82ae115c97ad8252d978373690b24bc",
          "version": null
        }
      }
    ]
  },
  "version": 1
}
